
Microsoft Visual Studio Solution File, Format Version 12.00
# Visual Studio Version 16
VisualStudioVersion = 16.0.29123.88
MinimumVisualStudioVersion = 10.0.40219.1
Project("{FAE04EC0-301F-11D3-BF4B-00C04F79EFBC}") = "Cw1", "Cw1.csproj", "{4ED3E824-831D-46B9-BCAC-25ED2F4C26EA}"
EndProject
Global
	GlobalSection(SolutionConfigurationPlatforms) = preSolution
		Debug|Any CPU = Debug|Any CPU
		Release|Any CPU = Release|Any CPU
	EndGlobalSection
	GlobalSection(ProjectConfigurationPlatforms) = postSolution
		{4ED3E824-831D-46B9-BCAC-25ED2F4C26EA}.Debug|Any CPU.ActiveCfg = Debug|Any CPU
		{4ED3E824-831D-46B9-BCAC-25ED2F4C26EA}.Debug|Any CPU.Build.0 = Debug|Any CPU
		{4ED3E824-831D-46B9-BCAC-25ED2F4C26EA}.Release|Any CPU.ActiveCfg = Release|Any CPU
		{4ED3E824-831D-46B9-BCAC-25ED2F4C26EA}.Release|Any CPU.Build.0 = Release|Any CPU
	EndGlobalSection
	GlobalSection(SolutionProperties) = preSolution
		HideSolutionNode = FALSE
	EndGlobalSection
	GlobalSection(ExtensibilityGlobals) = postSolution
		SolutionGuid = {6F21BB5F-B48B-4059-8E79-6DD52074383E}
	EndGlobalSection
EndGlobal
